{
  "name": "@page-libs/page",
  "version": "1.0.0",
  "lockfileVersion": 1,
  "requires": true,
  "dependencies": {
    "@cuties/assert": {
      "version": "1.1.5",
      "resolved": "https://registry.npmjs.org/@cuties/assert/-/assert-1.1.5.tgz",
      "integrity": "sha512-BqdZ0eqvwc2pBa3QbD8LtfsklBVqFQPx5XKakY8fNxSUgqfVLRvFW9oPefQ6zMigz4BSkZ6VlnQ6uZHqsFy23A==",
      "requires": {
        "@cuties/cutie": "1.4.4",
        "test-executor": "1.1.2"
      }
    },
    "@cuties/buffer": {
      "version": "1.1.1",
      "resolved": "https://registry.npmjs.org/@cuties/buffer/-/buffer-1.1.1.tgz",
      "integrity": "sha512-8TK1ozchbMDv4nhPPo/Ziypkvw9BmKEMFGYA8PWXjq6GqeSLjf8FvEdSKZ9bpky84ma7NC0LOlf4gjEC9FBgEw==",
      "requires": {
        "@cuties/assert": "1.1.5",
        "@cuties/cutie": "1.4.4",
        "@cuties/is": "1.0.8",
        "@cuties/iterator": "1.0.5",
        "test-executor": "1.1.2"
      }
    },
    "@cuties/child-process": {
      "version": "1.0.2",
      "resolved": "https://registry.npmjs.org/@cuties/child-process/-/child-process-1.0.2.tgz",
      "integrity": "sha512-ZeJd8e5Fnwm0pLK7DkwMY7bmyt/qfChJxLsjXoMb3+ytlXi7U0dyDJIerBWlBL4HnumeyNT39Hch3dmaeUjWAQ==",
      "requires": {
        "@cuties/assert": "1.1.5",
        "@cuties/cutie": "1.4.4",
        "@cuties/is": "1.0.8",
        "test-executor": "1.1.2"
      }
    },
    "@cuties/cluster": {
      "version": "1.0.2",
      "resolved": "https://registry.npmjs.org/@cuties/cluster/-/cluster-1.0.2.tgz",
      "integrity": "sha512-7GYpdGpg3XhDTE5FFThVxZ6GVth9B0UaJeGuH9ri+PA931frinyVJ0ttAlEUD0K2U37NLwJXdcPyDTEGG+vPYw==",
      "requires": {
        "@cuties/assert": "1.1.5",
        "@cuties/cutie": "1.4.4",
        "@cuties/http": "1.2.1",
        "@cuties/if-else": "1.0.3",
        "@cuties/is": "1.0.8",
        "@cuties/object": "1.0.4",
        "test-executor": "1.1.2"
      },
      "dependencies": {
        "@cuties/if-else": {
          "version": "1.0.3",
          "resolved": "https://registry.npmjs.org/@cuties/if-else/-/if-else-1.0.3.tgz",
          "integrity": "sha512-yl23NXJ1IiLWBR8zJ+IxAjPV27a8/MlUzLKnBKFKqf4x1yVTCe0MCtI1o/7Z/8NGd183g+top8lRRVbUXPxklA==",
          "requires": {
            "@cuties/assert": "1.1.5",
            "@cuties/cutie": "1.4.4",
            "test-executor": "1.1.2"
          }
        },
        "@cuties/object": {
          "version": "1.0.4",
          "resolved": "https://registry.npmjs.org/@cuties/object/-/object-1.0.4.tgz",
          "integrity": "sha512-Kq0wLyWyiftQrZuYU51ECU0wKrfrzEB5BoKK/YZvpLNEDjKDDHPa7BlEGJrXTktBYCyKeSi5n+UoSn5TgX9WwQ==",
          "requires": {
            "@cuties/assert": "1.1.5",
            "@cuties/cutie": "1.4.4",
            "@cuties/is": "1.0.8",
            "test-executor": "1.1.2"
          }
        }
      }
    },
    "@cuties/cutie": {
      "version": "1.4.4",
      "resolved": "https://registry.npmjs.org/@cuties/cutie/-/cutie-1.4.4.tgz",
      "integrity": "sha512-z+hvVaT1jHrsXe9sTFBKyAN40LOHi7OourjSrKbKjqDKi1Y6u0eMQgcWKlZOP4Wsp9a5nkGmI0b+cC2IoT7kqQ=="
    },
    "@cuties/date": {
      "version": "1.0.7",
      "resolved": "https://registry.npmjs.org/@cuties/date/-/date-1.0.7.tgz",
      "integrity": "sha512-9BIT1G1HCJbiZdpcCOfnpcxzPsorJfheLzw4RwkOnWM2HmNu58ETbFjnUsMkmii4sRon9xV1sQALWjI8oWIBwg==",
      "requires": {
        "@cuties/assert": "1.1.5",
        "@cuties/cutie": "1.4.4",
        "@cuties/is": "1.0.8",
        "test-executor": "1.1.2"
      }
    },
    "@cuties/error": {
      "version": "1.0.7",
      "resolved": "https://registry.npmjs.org/@cuties/error/-/error-1.0.7.tgz",
      "integrity": "sha512-uvZ1RN1vYfWkCak+P/GorAu+/fx4idd3oyjsknTpBFHCgi79besCSFhD5LktHHa9aomrMn5OPcN8rzksleKvfQ==",
      "requires": {
        "@cuties/assert": "1.1.5",
        "@cuties/cutie": "1.4.4",
        "@cuties/is": "1.0.8",
        "test-executor": "1.1.2"
      }
    },
    "@cuties/event": {
      "version": "1.0.9",
      "resolved": "https://registry.npmjs.org/@cuties/event/-/event-1.0.9.tgz",
      "integrity": "sha512-unTbAJu/YRvIQv9FTa9K2CNyyvXYOCXAbxN5i6v/BupSTGF+eq+MicyH26m445Ng1BVhMovCeYjb1bsejr9CZw==",
      "requires": {
        "@cuties/assert": "1.1.5",
        "@cuties/cutie": "1.4.4",
        "@cuties/is": "1.0.8",
        "test-executor": "1.1.2"
      }
    },
    "@cuties/fs": {
      "version": "1.1.2",
      "resolved": "https://registry.npmjs.org/@cuties/fs/-/fs-1.1.2.tgz",
      "integrity": "sha512-Kq1/cwHdn1OVN/Jfr7pmEdTdyo4bz1qh69A5QGr62+KeJODMWeMyQTiqBCXobWj4amckozM6u2bUnfpzH70fvA==",
      "requires": {
        "@cuties/assert": "1.1.5",
        "@cuties/buffer": "1.1.1",
        "@cuties/cutie": "1.4.4",
        "@cuties/date": "1.0.7",
        "@cuties/error": "1.0.7",
        "@cuties/event": "1.0.9",
        "@cuties/is": "1.0.8",
        "@cuties/stream": "1.1.1",
        "test-executor": "1.1.2"
      }
    },
    "@cuties/http": {
      "version": "1.2.1",
      "resolved": "https://registry.npmjs.org/@cuties/http/-/http-1.2.1.tgz",
      "integrity": "sha512-HitfTsRmZGIhbmDq+cODNcK2JzobR7wq4XH2yJ2DS/8hXJxylwHWpbs7ZbIkTm/D+sveWNQFtejXxEYiMqL9sw==",
      "requires": {
        "@cuties/assert": "1.1.5",
        "@cuties/cutie": "1.4.4",
        "@cuties/is": "1.0.8",
        "@cuties/object": "1.0.4",
        "@cuties/process": "1.1.0",
        "@cuties/stream": "1.1.1",
        "test-executor": "1.1.2"
      },
      "dependencies": {
        "@cuties/object": {
          "version": "1.0.4",
          "resolved": "https://registry.npmjs.org/@cuties/object/-/object-1.0.4.tgz",
          "integrity": "sha512-Kq0wLyWyiftQrZuYU51ECU0wKrfrzEB5BoKK/YZvpLNEDjKDDHPa7BlEGJrXTktBYCyKeSi5n+UoSn5TgX9WwQ==",
          "requires": {
            "@cuties/assert": "1.1.5",
            "@cuties/cutie": "1.4.4",
            "@cuties/is": "1.0.8",
            "test-executor": "1.1.2"
          }
        }
      }
    },
    "@cuties/if-else": {
      "version": "1.0.5",
      "resolved": "https://registry.npmjs.org/@cuties/if-else/-/if-else-1.0.5.tgz",
      "integrity": "sha512-rgj/M2/G75/JTzpuiOrhP4C9X4Cfr7hlmDyDSDKTXvrtwBGxSu9JrtMhcEosf3LnpDh6Tt3ptWraelWbBlFlgA==",
      "requires": {
        "@cuties/assert": "1.1.5",
        "@cuties/cutie": "1.4.4",
        "test-executor": "1.1.2"
      }
    },
    "@cuties/is": {
      "version": "1.0.8",
      "resolved": "https://registry.npmjs.org/@cuties/is/-/is-1.0.8.tgz",
      "integrity": "sha512-rKR9Plo1vHyov3iyQhIxkz85Vgv6TLCY27h+eZOilwpKIkwGmQnPZHpGM+614TBBmw77yELeT48VBvh+Qd5jrA==",
      "requires": {
        "@cuties/cutie": "1.4.4"
      }
    },
    "@cuties/iterator": {
      "version": "1.0.5",
      "resolved": "https://registry.npmjs.org/@cuties/iterator/-/iterator-1.0.5.tgz",
      "integrity": "sha512-552pCdVr2CKVHo/ARZIbpFPb/JUI459aT360vgzZERjb/CM8DPwadVz8/NIyDdzr1XLoAKkvAW0qtedlRqBnWw==",
      "requires": {
        "@cuties/assert": "1.1.5",
        "@cuties/cutie": "1.4.4",
        "@cuties/is": "1.0.8",
        "test-executor": "1.1.2"
      }
    },
    "@cuties/json": {
      "version": "1.0.0",
      "resolved": "https://registry.npmjs.org/@cuties/json/-/json-1.0.0.tgz",
      "integrity": "sha512-uv3eXEPQJcqEVnY9T7FzDJH7T4WD7nuzv1H8e1Uvl0+vQhIL3VB/RRzD2KG4eoiDXqFvTqgKqiyBngG61Rhp/A==",
      "requires": {
        "@cuties/assert": "1.1.5",
        "@cuties/cutie": "1.4.4",
        "test-executor": "1.1.2"
      }
    },
    "@cuties/path": {
      "version": "1.0.3",
      "resolved": "https://registry.npmjs.org/@cuties/path/-/path-1.0.3.tgz",
      "integrity": "sha512-DehxELmKfwqr5apxNUiHJ+UK1iwagkzQ4youW6L2dgCxR41RnamcOTTqZRu0QhJuiqcEB4Zm6SlhNxqt+Nk8iw==",
      "requires": {
        "@cuties/assert": "1.1.5",
        "@cuties/cutie": "1.4.4",
        "@cuties/is": "1.0.8",
        "test-executor": "1.1.2"
      }
    },
    "@cuties/process": {
      "version": "1.1.0",
      "resolved": "https://registry.npmjs.org/@cuties/process/-/process-1.1.0.tgz",
      "integrity": "sha512-5LbIs3wtvuAm0xTGptIGtqvoeO+HdPDIgYlHzD6wWc912adG/cM9bo3P3VEgFBhQzO63YOFCSFagTvM6d8+0Cw==",
      "requires": {
        "@cuties/assert": "1.1.5",
        "@cuties/child-process": "1.0.2",
        "@cuties/cutie": "1.4.4",
        "@cuties/is": "1.0.8",
        "find-process": "1.1.1",
        "promise-to-callback": "1.0.0",
        "test-executor": "1.1.2"
      }
    },
    "@cuties/rest": {
      "version": "1.1.4",
      "resolved": "https://registry.npmjs.org/@cuties/rest/-/rest-1.1.4.tgz",
      "integrity": "sha512-S/UiMRl4hpzYv7dEotHfX5KJ981ryHgPT7KP7Dz9AbN3Yy9ILkWk9Et4usA39awMaCXGxj8sJeM1OkGumntN1Q==",
      "requires": {
        "@cuties/assert": "1.1.5",
        "@cuties/buffer": "1.1.1",
        "@cuties/cutie": "1.4.4",
        "@cuties/fs": "1.1.2",
        "@cuties/http": "1.2.1",
        "@cuties/if-else": "1.0.3",
        "@cuties/is": "1.0.8",
        "@cuties/path": "1.0.3",
        "@cuties/process": "1.1.0",
        "@cuties/stream": "1.1.1",
        "test-executor": "1.1.2"
      },
      "dependencies": {
        "@cuties/if-else": {
          "version": "1.0.3",
          "resolved": "https://registry.npmjs.org/@cuties/if-else/-/if-else-1.0.3.tgz",
          "integrity": "sha512-yl23NXJ1IiLWBR8zJ+IxAjPV27a8/MlUzLKnBKFKqf4x1yVTCe0MCtI1o/7Z/8NGd183g+top8lRRVbUXPxklA==",
          "requires": {
            "@cuties/assert": "1.1.5",
            "@cuties/cutie": "1.4.4",
            "test-executor": "1.1.2"
          }
        }
      }
    },
    "@cuties/scripts": {
      "version": "1.0.3",
      "resolved": "https://registry.npmjs.org/@cuties/scripts/-/scripts-1.0.3.tgz",
      "integrity": "sha512-uax+DZZA4S77TZH9PP8VnM+GQKt23FFfoOLEha4nT6S3JrHzF8mXPPKckHGOQRhjIZ37WgivOfBUZd4Uoissow==",
      "requires": {
        "@cuties/cutie": "^1.4.4"
      }
    },
    "@cuties/stream": {
      "version": "1.1.1",
      "resolved": "https://registry.npmjs.org/@cuties/stream/-/stream-1.1.1.tgz",
      "integrity": "sha512-Ms02KU4zyFhthp5nkFuS3dhx0X9ZJsdwOhzRDBrJ1qp0n+2kTCpxnwdxcgkMIC8Y03TUX7U3GdWu7HTqP5hZKg==",
      "requires": {
        "@cuties/assert": "1.1.5",
        "@cuties/cutie": "1.4.4",
        "@cuties/is": "1.0.8",
        "test-executor": "1.1.2"
      }
    },
    "@page-libs/static-generator": {
      "version": "1.0.1",
      "resolved": "https://registry.npmjs.org/@page-libs/static-generator/-/static-generator-1.0.1.tgz",
      "integrity": "sha512-pdq63u6wHRyexgozf8HKyH7xRMeOLPYDe7Lc7kPRona07V/1IyaBgCHXQ+IFVvpvpdQPrE/BfAuPjxHw+BYO+Q==",
      "requires": {
        "@cuties/assert": "^1.1.5",
        "@cuties/cutie": "1.4.4",
        "@cuties/fs": "1.1.2",
        "@cuties/is": "^1.0.8",
        "pretty": "^2.0.0"
      }
    },
    "@types/commander": {
      "version": "2.12.2",
      "resolved": "https://registry.npmjs.org/@types/commander/-/commander-2.12.2.tgz",
      "integrity": "sha512-0QEFiR8ljcHp9bAbWxecjVRuAMr16ivPiGOw6KFQBVrVd0RQIcM3xKdRisH2EDWgVWujiYtHwhSkSUoAAGzH7Q==",
      "requires": {
        "commander": "*"
      }
    },
    "@types/semver": {
      "version": "5.5.0",
      "resolved": "https://registry.npmjs.org/@types/semver/-/semver-5.5.0.tgz",
      "integrity": "sha512-41qEJgBH/TWgo5NFSvBCJ1qkoi3Q6ONSF2avrHq1LVEZfYpdHmj0y9SuTK+u9ZhG1sYQKBL1AWXKyLWP4RaUoQ=="
    },
    "abbrev": {
      "version": "1.1.1",
      "resolved": "https://registry.npmjs.org/abbrev/-/abbrev-1.1.1.tgz",
      "integrity": "sha512-nne9/IiQ/hzIhY6pdDnbBtz7DjPTKrY00P/zvPSm5pOFkl6xuGrGnXn/VtTNNfNtAfZ9/1RtehkszU9qcTii0Q=="
    },
    "ansi-styles": {
      "version": "3.2.1",
      "resolved": "https://registry.npmjs.org/ansi-styles/-/ansi-styles-3.2.1.tgz",
      "integrity": "sha512-VT0ZI6kZRdTh8YyJw3SMbYm/u+NqfsAxEpWO0Pf9sq8/e94WxxOpPKx9FR1FlyCtOVDNOQ+8ntlqFxiRc+r5qA==",
      "requires": {
        "color-convert": "^1.9.0"
      }
    },
    "chalk": {
      "version": "2.4.1",
      "resolved": "https://registry.npmjs.org/chalk/-/chalk-2.4.1.tgz",
      "integrity": "sha512-ObN6h1v2fTJSmUXoS3nMQ92LbDK9be4TV+6G+omQlGJFdcUX5heKi1LZ1YnRMIgwTLEj3E24bT6tYni50rlCfQ==",
      "requires": {
        "ansi-styles": "^3.2.1",
        "escape-string-regexp": "^1.0.5",
        "supports-color": "^5.3.0"
      }
    },
    "color-convert": {
      "version": "1.9.3",
      "resolved": "https://registry.npmjs.org/color-convert/-/color-convert-1.9.3.tgz",
      "integrity": "sha512-QfAUtd+vFdAtFQcC8CCyYt1fYWxSqAiK2cSD6zDB8N3cpsEBAvRxp9zOGg6G/SHHJYAT88/az/IuDGALsNVbGg==",
      "requires": {
        "color-name": "1.1.3"
      }
    },
    "color-name": {
      "version": "1.1.3",
      "resolved": "https://registry.npmjs.org/color-name/-/color-name-1.1.3.tgz",
      "integrity": "sha1-p9BVi9icQveV3UIyj3QIMcpTvCU="
    },
    "commander": {
      "version": "2.18.0",
      "resolved": "https://registry.npmjs.org/commander/-/commander-2.18.0.tgz",
      "integrity": "sha512-6CYPa+JP2ftfRU2qkDK+UTVeQYosOg/2GbcjIcKPHfinyOLPVGXu/ovN86RP49Re5ndJK1N0kuiidFFuepc4ZQ=="
    },
    "condense-newlines": {
      "version": "0.2.1",
      "resolved": "https://registry.npmjs.org/condense-newlines/-/condense-newlines-0.2.1.tgz",
      "integrity": "sha1-PemFVTE5R10yUCyDsC9gaE0kxV8=",
      "requires": {
        "extend-shallow": "^2.0.1",
        "is-whitespace": "^0.3.0",
        "kind-of": "^3.0.2"
      }
    },
    "config-chain": {
      "version": "1.1.12",
      "resolved": "https://registry.npmjs.org/config-chain/-/config-chain-1.1.12.tgz",
      "integrity": "sha512-a1eOIcu8+7lUInge4Rpf/n4Krkf3Dd9lqhljRzII1/Zno/kRtUWnznPO3jOKBmTEktkt3fkxisUcivoj0ebzoA==",
      "requires": {
        "ini": "^1.3.4",
        "proto-list": "~1.2.1"
      }
    },
    "debug": {
      "version": "2.6.9",
      "resolved": "https://registry.npmjs.org/debug/-/debug-2.6.9.tgz",
      "integrity": "sha512-bC7ElrdJaJnPbAP+1EotYvqZsb3ecl5wi6Bfi6BJTUcNowp6cvspg0jXznRTKDjm/E7AdgFBVeAPVMNcKGsHMA==",
      "requires": {
        "ms": "2.0.0"
      }
    },
    "editorconfig": {
      "version": "0.15.0",
      "resolved": "https://registry.npmjs.org/editorconfig/-/editorconfig-0.15.0.tgz",
      "integrity": "sha512-j7JBoj/bpNzvoTQylfRZSc85MlLNKWQiq5y6gwKhmqD2h1eZ+tH4AXbkhEJD468gjDna/XMx2YtSkCxBRX9OGg==",
      "requires": {
        "@types/commander": "^2.11.0",
        "@types/semver": "^5.4.0",
        "commander": "^2.11.0",
        "lru-cache": "^4.1.1",
        "semver": "^5.4.1",
        "sigmund": "^1.0.1"
      }
    },
    "escape-string-regexp": {
      "version": "1.0.5",
      "resolved": "https://registry.npmjs.org/escape-string-regexp/-/escape-string-regexp-1.0.5.tgz",
      "integrity": "sha1-G2HAViGQqN/2rjuyzwIAyhMLhtQ="
    },
    "extend-shallow": {
      "version": "2.0.1",
      "resolved": "https://registry.npmjs.org/extend-shallow/-/extend-shallow-2.0.1.tgz",
      "integrity": "sha1-Ua99YUrZqfYQ6huvu5idaxxWiQ8=",
      "requires": {
        "is-extendable": "^0.1.0"
      }
    },
    "find-process": {
      "version": "1.1.1",
      "resolved": "https://registry.npmjs.org/find-process/-/find-process-1.1.1.tgz",
      "integrity": "sha1-V/sa28f0MEeG23IKSf69cIoxYtQ=",
      "requires": {
        "chalk": "^2.0.1",
        "commander": "^2.11.0",
        "debug": "^2.6.8"
      }
    },
    "has-flag": {
      "version": "3.0.0",
      "resolved": "https://registry.npmjs.org/has-flag/-/has-flag-3.0.0.tgz",
      "integrity": "sha1-tdRU3CGZriJWmfNGfloH87lVuv0="
    },
    "ini": {
      "version": "1.3.5",
      "resolved": "https://registry.npmjs.org/ini/-/ini-1.3.5.tgz",
      "integrity": "sha512-RZY5huIKCMRWDUqZlEi72f/lmXKMvuszcMBduliQ3nnWbx9X/ZBQO7DijMEYS9EhHBb2qacRUMtC7svLwe0lcw=="
    },
    "is-buffer": {
      "version": "1.1.6",
      "resolved": "https://registry.npmjs.org/is-buffer/-/is-buffer-1.1.6.tgz",
      "integrity": "sha512-NcdALwpXkTm5Zvvbk7owOUSvVvBKDgKP5/ewfXEznmQFfs4ZRmanOeKBTjRVjka3QFoN6XJ+9F3USqfHqTaU5w=="
    },
    "is-extendable": {
      "version": "0.1.1",
      "resolved": "https://registry.npmjs.org/is-extendable/-/is-extendable-0.1.1.tgz",
      "integrity": "sha1-YrEQ4omkcUGOPsNqYX1HLjAd/Ik="
    },
    "is-fn": {
      "version": "1.0.0",
      "resolved": "https://registry.npmjs.org/is-fn/-/is-fn-1.0.0.tgz",
      "integrity": "sha1-lUPV3nvPWwiiLsiiC65uKG1RDYw="
    },
    "is-whitespace": {
      "version": "0.3.0",
      "resolved": "https://registry.npmjs.org/is-whitespace/-/is-whitespace-0.3.0.tgz",
      "integrity": "sha1-Fjnssb4DauxppUy7QBz77XEUq38="
    },
    "js-beautify": {
      "version": "1.8.6",
      "resolved": "https://registry.npmjs.org/js-beautify/-/js-beautify-1.8.6.tgz",
      "integrity": "sha512-TYDZa+lg8vEC5U0OmGQEEwiZ0XFBfvZAUeNOtqflLe+woKuIqF4JzlsBx/C1KVYW5lUewZy2ODL4Obq6sH7a4Q==",
      "requires": {
        "config-chain": "~1.1.5",
        "editorconfig": "^0.15.0",
        "mkdirp": "~0.5.0",
        "nopt": "~4.0.1"
      }
    },
    "kind-of": {
      "version": "3.2.2",
      "resolved": "https://registry.npmjs.org/kind-of/-/kind-of-3.2.2.tgz",
      "integrity": "sha1-MeohpzS6ubuw8yRm2JOupR5KPGQ=",
      "requires": {
        "is-buffer": "^1.1.5"
      }
    },
    "lru-cache": {
      "version": "4.1.3",
      "resolved": "https://registry.npmjs.org/lru-cache/-/lru-cache-4.1.3.tgz",
      "integrity": "sha512-fFEhvcgzuIoJVUF8fYr5KR0YqxD238zgObTps31YdADwPPAp82a4M8TrckkWyx7ekNlf9aBcVn81cFwwXngrJA==",
      "requires": {
        "pseudomap": "^1.0.2",
        "yallist": "^2.1.2"
      }
    },
    "minimist": {
      "version": "0.0.8",
      "resolved": "http://registry.npmjs.org/minimist/-/minimist-0.0.8.tgz",
      "integrity": "sha1-hX/Kv8M5fSYluCKCYuhqp6ARsF0="
    },
    "mkdirp": {
      "version": "0.5.1",
      "resolved": "http://registry.npmjs.org/mkdirp/-/mkdirp-0.5.1.tgz",
      "integrity": "sha1-MAV0OOrGz3+MR2fzhkjWaX11yQM=",
      "requires": {
        "minimist": "0.0.8"
      }
    },
    "ms": {
      "version": "2.0.0",
      "resolved": "https://registry.npmjs.org/ms/-/ms-2.0.0.tgz",
      "integrity": "sha1-VgiurfwAvmwpAd9fmGF4jeDVl8g="
    },
    "nopt": {
      "version": "4.0.1",
      "resolved": "https://registry.npmjs.org/nopt/-/nopt-4.0.1.tgz",
      "integrity": "sha1-0NRoWv1UFRk8jHUFYC0NF81kR00=",
      "requires": {
        "abbrev": "1",
        "osenv": "^0.1.4"
      }
    },
    "os-homedir": {
      "version": "1.0.2",
      "resolved": "https://registry.npmjs.org/os-homedir/-/os-homedir-1.0.2.tgz",
      "integrity": "sha1-/7xJiDNuDoM94MFox+8VISGqf7M="
    },
    "os-tmpdir": {
      "version": "1.0.2",
      "resolved": "https://registry.npmjs.org/os-tmpdir/-/os-tmpdir-1.0.2.tgz",
      "integrity": "sha1-u+Z0BseaqFxc/sdm/lc0VV36EnQ="
    },
    "osenv": {
      "version": "0.1.5",
      "resolved": "https://registry.npmjs.org/osenv/-/osenv-0.1.5.tgz",
      "integrity": "sha512-0CWcCECdMVc2Rw3U5w9ZjqX6ga6ubk1xDVKxtBQPK7wis/0F2r9T6k4ydGYhecl7YUBxBVxhL5oisPsNxAPe2g==",
      "requires": {
        "os-homedir": "^1.0.0",
        "os-tmpdir": "^1.0.0"
      }
    },
    "pretty": {
      "version": "2.0.0",
      "resolved": "https://registry.npmjs.org/pretty/-/pretty-2.0.0.tgz",
      "integrity": "sha1-rbx5YLe7/iiaVX3F9zdhmiINBqU=",
      "requires": {
        "condense-newlines": "^0.2.1",
        "extend-shallow": "^2.0.1",
        "js-beautify": "^1.6.12"
      }
    },
    "promise-to-callback": {
      "version": "1.0.0",
      "resolved": "https://registry.npmjs.org/promise-to-callback/-/promise-to-callback-1.0.0.tgz",
      "integrity": "sha1-XSp0kBC/tn2WNZj805YHRqaP7vc=",
      "requires": {
        "is-fn": "^1.0.0",
        "set-immediate-shim": "^1.0.1"
      }
    },
    "proto-list": {
      "version": "1.2.4",
      "resolved": "https://registry.npmjs.org/proto-list/-/proto-list-1.2.4.tgz",
      "integrity": "sha1-IS1b/hMYMGpCD2QCuOJv85ZHqEk="
    },
    "pseudomap": {
      "version": "1.0.2",
      "resolved": "https://registry.npmjs.org/pseudomap/-/pseudomap-1.0.2.tgz",
      "integrity": "sha1-8FKijacOYYkX7wqKw0wa5aaChrM="
    },
    "semver": {
      "version": "5.5.1",
      "resolved": "https://registry.npmjs.org/semver/-/semver-5.5.1.tgz",
      "integrity": "sha512-PqpAxfrEhlSUWge8dwIp4tZnQ25DIOthpiaHNIthsjEFQD6EvqUKUDM7L8O2rShkFccYo1VjJR0coWfNkCubRw=="
    },
    "set-immediate-shim": {
      "version": "1.0.1",
      "resolved": "https://registry.npmjs.org/set-immediate-shim/-/set-immediate-shim-1.0.1.tgz",
      "integrity": "sha1-SysbJ+uAip+NzEgaWOXlb1mfP2E="
    },
    "sigmund": {
      "version": "1.0.1",
      "resolved": "https://registry.npmjs.org/sigmund/-/sigmund-1.0.1.tgz",
      "integrity": "sha1-P/IfGYytIXX587eBhT/ZTQ0ZtZA="
    },
    "supports-color": {
      "version": "5.5.0",
      "resolved": "https://registry.npmjs.org/supports-color/-/supports-color-5.5.0.tgz",
      "integrity": "sha512-QjVjwdXIt408MIiAqCX4oUKsgU2EqAGzs2Ppkm4aQYbjm+ZEWEcW4SfFNTr4uMNZma0ey4f5lgLrkB0aX0QMow==",
      "requires": {
        "has-flag": "^3.0.0"
      }
    },
    "test-executor": {
      "version": "1.1.2",
      "resolved": "https://registry.npmjs.org/test-executor/-/test-executor-1.1.2.tgz",
      "integrity": "sha512-U6ctuLrvOoc6HVttd1KX7GkuNKuU5/4cVCi/ycdSv1F6fJK9CYYsXjDVLqrIxjjKomI+zDWDL7b3r3JaRfTcGA==",
      "requires": {
        "@cuties/cutie": "1.4.4"
      }
    },
    "yallist": {
      "version": "2.1.2",
      "resolved": "https://registry.npmjs.org/yallist/-/yallist-2.1.2.tgz",
      "integrity": "sha1-HBH5IY8HYImkfdUS+TxmmaaoHVI="
    }
  }
}
